<?xml version="1.0" encoding="utf-8"?>
<Project ToolsVersion="4.0" xmlns="http://schemas.microsoft.com/developer/msbuild/2003">
  <ItemGroup>
    <ClCompile Include="PktDef.cpp">
      <Filter>Source Files</Filter>
    </ClCompile>
    <ClCompile Include="Milestone1_BasicValidation.cpp">
      <Filter>Source Files</Filter>
    </ClCompile>
  </ItemGroup>
  <ItemGroup>
    <ClInclude Include="CmdPacket.h">
      <Filter>Header Files</Filter>
    </ClInclude>
    <ClInclude Include="CmdPacketHeader.h">
      <Filter>Header Files</Filter>
    </ClInclude>
    <ClInclude Include="Globals.h">
      <Filter>Header Files</Filter>
    </ClInclude>
    <ClInclude Include="MotorBody.h">
      <Filter>Header Files</Filter>
    </ClInclude>
    <ClInclude Include="PktDef.h">
      <Filter>Header Files</Filter>
    </ClInclude>
  </ItemGroup>
  <ItemGroup>
    <Filter Include="Header Files">
      <UniqueIdentifier>{507beed5-5422-4e54-a732-fd0b3e660914}</UniqueIdentifier>
    </Filter>
    <Filter Include="Source Files">
      <UniqueIdentifier>{0f144ebb-17a9-40ef-9cb1-044ae7e02e12}</UniqueIdentifier>
    </Filter>
    <Filter Include="Resource Files">
      <UniqueIdentifier>{d0fd5402-53ad-460b-b2ab-0e11107ed2c1}</UniqueIdentifier>
    </Filter>
  </ItemGroup>
</Project>